{
  "name": "designpatterns",
  "version": "1.0.0",
  "lockfileVersion": 3,
  "requires": true,
  "packages": {
    "": {
      "name": "designpatterns",
      "version": "1.0.0",
      "license": "ISC",
      "dependencies": {
        "core-js-bundle": "^3.35.0"
      }
    },
    "node_modules/core-js-bundle": {
      "version": "3.35.0",
      "resolved": "https://registry.npmjs.org/core-js-bundle/-/core-js-bundle-3.35.0.tgz",
      "integrity": "sha512-gyqx4VKhV1tGhoxeYoxVchR1vMxbQJrC8BrCPnIU163Oyf9//GYQNU2eH7lmjav2K+5WGAWgLyZGxAfGggwJKA==",
      "hasInstallScript": true,
      "funding": {
        "type": "opencollective",
        "url": "https://opencollective.com/core-js"
      }
    }
  }
}
